// !$*UTF8*$!
{
	archiveVersion = 1;
	classes = {
	};
	objectVersion = 50;
	objects = {

/* Begin PBXBuildFile section */
		5256F30F2664D7030027B1A8 /* AppDelegate.swift in Sources */ = {isa = PBXBuildFile; fileRef = 5256F30E2664D7030027B1A8 /* AppDelegate.swift */; };
		5256F3112664D7030027B1A8 /* SceneDelegate.swift in Sources */ = {isa = PBXBuildFile; fileRef = 5256F3102664D7030027B1A8 /* SceneDelegate.swift */; };
		5256F3132664D7030027B1A8 /* ViewController.swift in Sources */ = {isa = PBXBuildFile; fileRef = 5256F3122664D7030027B1A8 /* ViewController.swift */; };
		5256F3162664D7030027B1A8 /* Main.storyboard in Resources */ = {isa = PBXBuildFile; fileRef = 5256F3142664D7030027B1A8 /* Main.storyboard */; };
		5256F3182664D7040027B1A8 /* Assets.xcassets in Resources */ = {isa = PBXBuildFile; fileRef = 5256F3172664D7040027B1A8 /* Assets.xcassets */; };
		5256F31B2664D7040027B1A8 /* LaunchScreen.storyboard in Resources */ = {isa = PBXBuildFile; fileRef = 5256F3192664D7040027B1A8 /* LaunchScreen.storyboard */; };
		5256F32B2664D98C0027B1A8 /* NetworkExtension.framework in Frameworks */ = {isa = PBXBuildFile; fileRef = 5256F32A2664D98C0027B1A8 /* NetworkExtension.framework */; };
/* End PBXBuildFile section */

/* Begin PBXFileReference section */
		5256F30B2664D7030027B1A8 /* WlanDevice.app */ = {isa = PBXFileReference; explicitFileType = wrapper.application; includeInIndex = 0; path = WlanDevice.app; sourceTree = BUILT_PRODUCTS_DIR; };
		5256F30E2664D7030027B1A8 /* AppDelegate.swift */ = {isa = PBXFileReference; lastKnownFileType = sourcecode.swift; path = AppDelegate.swift; sourceTree = "<group>"; };
		5256F3102664D7030027B1A8 /* SceneDelegate.swift */ = {isa = PBXFileReference; lastKnownFileType = sourcecode.swift; path = SceneDelegate.swift; sourceTree = "<group>"; };
		5256F3122664D7030027B1A8 /* ViewController.swift */ = {isa = PBXFileReference; lastKnownFileType = sourcecode.swift; path = ViewController.swift; sourceTree = "<group>"; };
		5256F3152664D7030027B1A8 /* Base */ = {isa = PBXFileReference; lastKnownFileType = file.storyboard; name = Base; path = Base.lproj/Main.storyboard; sourceTree = "<group>"; };
		5256F3172664D7040027B1A8 /* Assets.xcassets */ = {isa = PBXFileReference; lastKnownFileType = folder.assetcatalog; path = Assets.xcassets; sourceTree = "<group>"; };
		5256F31A2664D7040027B1A8 /* Base */ = {isa = PBXFileReference; lastKnownFileType = file.storyboard; name = Base; path = Base.lproj/LaunchScreen.storyboard; sourceTree = "<group>"; };
		5256F31C2664D7040027B1A8 /* Info.plist */ = {isa = PBXFileReference; lastKnownFileType = text.plist.xml; path = Info.plist; sourceTree = "<group>"; };
		5256F3282664D98C0027B1A8 /* WlanDevice.entitlements */ = {isa = PBXFileReference; lastKnownFileType = text.plist.entitlements; path = WlanDevice.entitlements; sourceTree = "<group>"; };
		5256F32A2664D98C0027B1A8 /* NetworkExtension.framework */ = {isa = PBXFileReference; lastKnownFileType = wrapper.framework; name = NetworkExtension.framework; path = System/Library/Frameworks/NetworkExtension.framework; sourceTree = SDKROOT; };
/* End PBXFileReference section */

/* Begin PBXFrameworksBuildPhase section */
		5256F3082664D7030027B1A8 /* Frameworks */ = {
			isa = PBXFrameworksBuildPhase;
			buildActionMask = 2147483647;
			files = (
				5256F32B2664D98C0027B1A8 /* NetworkExtension.framework in Frameworks */,
			);
			runOnlyForDeploymentPostprocessing = 0;
		};
/* End PBXFrameworksBuildPhase section */

/* Begin PBXGroup section */
		5256F3022664D7030027B1A8 = {
			isa = PBXGroup;
			children = (
				5256F30D2664D7030027B1A8 /* WlanDevice */,
				5256F30C2664D7030027B1A8 /* Products */,
				5256F3292664D98C0027B1A8 /* Frameworks */,
			);
			sourceTree = "<group>";
		};
		5256F30C2664D7030027B1A8 /* Products */ = {
			isa = PBXGroup;
			children = (
				5256F30B2664D7030027B1A8 /* WlanDevice.app */,
			);
			name = Products;
			sourceTree = "<group>";
		};
		5256F30D2664D7030027B1A8 /* WlanDevice */ = {
			isa = PBXGroup;
			children = (
				5256F3282664D98C0027B1A8 /* WlanDevice.entitlements */,
				5256F30E2664D7030027B1A8 /* AppDelegate.swift */,
				5256F3102664D7030027B1A8 /* SceneDelegate.swift */,
				5256F3122664D7030027B1A8 /* ViewController.swift */,
				5256F3142664D7030027B1A8 /* Main.storyboard */,
				5256F3172664D7040027B1A8 /* Assets.xcassets */,
				5256F3192664D7040027B1A8 /* LaunchScreen.storyboard */,
				5256F31C2664D7040027B1A8 /* Info.plist */,
			);
			path = WlanDevice;
			sourceTree = "<group>";
		};
		5256F3292664D98C0027B1A8 /* Frameworks */ = {
			isa = PBXGroup;
			children = (
				5256F32A2664D98C0027B1A8 /* NetworkExtension.framework */,
			);
			name = Frameworks;
			sourceTree = "<group>";
		};
/* End PBXGroup section */

/* Begin PBXNativeTarget section */
		5256F30A2664D7030027B1A8 /* WlanDevice */ = {
			isa = PBXNativeTarget;
			buildConfigurationList = 5256F31F2664D7040027B1A8 /* Build configuration list for PBXNativeTarget "WlanDevice" */;
			buildPhases = (
				5256F3072664D7030027B1A8 /* Sources */,
				5256F3082664D7030027B1A8 /* Frameworks */,
				5256F3092664D7030027B1A8 /* Resources */,
			);
			buildRules = (
			);
			dependencies = (
			);
			name = WlanDevice;
			productName = WlanDevice;
			productReference = 5256F30B2664D7030027B1A8 /* WlanDevice.app */;
			productType = "com.apple.product-type.application";
		};
/* End PBXNativeTarget section */

/* Begin PBXProject section */
		5256F3032664D7030027B1A8 /* Project object */ = {
			isa = PBXProject;
			attributes = {
				LastSwiftUpdateCheck = 1220;
				LastUpgradeCheck = 1220;
				TargetAttributes = {
					5256F30A2664D7030027B1A8 = {
						CreatedOnToolsVersion = 12.2;
					};
				};
			};
			buildConfigurationList = 5256F3062664D7030027B1A8 /* Build configuration list for PBXProject "WlanDevice" */;
			compatibilityVersion = "Xcode 9.3";
			developmentRegion = en;
			hasScannedForEncodings = 0;
			knownRegions = (
				en,
				Base,
			);
			mainGroup = 5256F3022664D7030027B1A8;
			productRefGroup = 5256F30C2664D7030027B1A8 /* Products */;
			projectDirPath = "";
			projectRoot = "";
			targets = (
				5256F30A2664D7030027B1A8 /* WlanDevice */,
			);
		};
/* End PBXProject section */

/* Begin PBXResourcesBuildPhase section */
		5256F3092664D7030027B1A8 /* Resources */ = {
			isa = PBXResourcesBuildPhase;
			buildActionMask = 2147483647;
			files = (
				5256F31B2664D7040027B1A8 /* LaunchScreen.storyboard in Resources */,
				5256F3182664D7040027B1A8 /* Assets.xcassets in Resources */,
				5256F3162664D7030027B1A8 /* Main.storyboard in Resources */,
			);
			runOnlyForDeploymentPostprocessing = 0;
		};
/* End PBXResourcesBuildPhase section */

/* Begin PBXSourcesBuildPhase section */
		5256F3072664D7030027B1A8 /* Sources */ = {
			isa = PBXSourcesBuildPhase;
			buildActionMask = 2147483647;
			files = (
				5256F3132664D7030027B1A8 /* ViewController.swift in Sources */,
				5256F30F2664D7030027B1A8 /* AppDelegate.swift in Sources */,
				5256F3112664D7030027B1A8 /* SceneDelegate.swift in Sources */,
			);
			runOnlyForDeploymentPostprocessing = 0;
		};
/* End PBXSourcesBuildPhase section */

/* Begin PBXVariantGroup section */
		5256F3142664D7030027B1A8 /* Main.storyboard */ = {
			isa = PBXVariantGroup;
			children = (
				5256F3152664D7030027B1A8 /* Base */,
			);
			name = Main.storyboard;
			sourceTree = "<group>";
		};
		5256F3192664D7040027B1A8 /* LaunchScreen.storyboard */ = {
			isa = PBXVariantGroup;
			children = (
				5256F31A2664D7040027B1A8 /* Base */,
			);
			name = LaunchScreen.storyboard;
			sourceTree = "<group>";
		};
/* End PBXVariantGroup section */

/* Begin XCBuildConfiguration section */
		5256F31D2664D7040027B1A8 /* Debug */ = {
			isa = XCBuildConfiguration;
			buildSettings = {
				ALWAYS_SEARCH_USER_PATHS = NO;
				CLANG_ANALYZER_NONNULL = YES;
				CLANG_ANALYZER_NUMBER_OBJECT_CONVERSION = YES_AGGRESSIVE;
				CLANG_CXX_LANGUAGE_STANDARD = "gnu++14";
				CLANG_CXX_LIBRARY = "libc++";
				CLANG_ENABLE_MODULES = YES;
				CLANG_ENABLE_OBJC_ARC = YES;
				CLANG_ENABLE_OBJC_WEAK = YES;
				CLANG_WARN_BLOCK_CAPTURE_AUTORELEASING = YES;
				CLANG_WARN_BOOL_CONVERSION = YES;
				CLANG_WARN_COMMA = YES;
				CLANG_WARN_CONSTANT_CONVERSION = YES;
				CLANG_WARN_DEPRECATED_OBJC_IMPLEMENTATIONS = YES;
				CLANG_WARN_DIRECT_OBJC_ISA_USAGE = YES_ERROR;
				CLANG_WARN_DOCUMENTATION_COMMENTS = YES;
				CLANG_WARN_EMPTY_BODY = YES;
				CLANG_WARN_ENUM_CONVERSION = YES;
				CLANG_WARN_INFINITE_RECURSION = YES;
				CLANG_WARN_INT_CONVERSION = YES;
				CLANG_WARN_NON_LITERAL_NULL_CONVERSION = YES;
				CLANG_WARN_OBJC_IMPLICIT_RETAIN_SELF = YES;
				CLANG_WARN_OBJC_LITERAL_CONVERSION = YES;
				CLANG_WARN_OBJC_ROOT_CLASS = YES_ERROR;
				CLANG_WARN_QUOTED_INCLUDE_IN_FRAMEWORK_HEADER = YES;
				CLANG_WARN_RANGE_LOOP_ANALYSIS = YES;
				CLANG_WARN_STRICT_PROTOTYPES = YES;
				CLANG_WARN_SUSPICIOUS_MOVE = YES;
				CLANG_WARN_UNGUARDED_AVAILABILITY = YES_AGGRESSIVE;
				CLANG_WARN_UNREACHABLE_CODE = YES;
				CLANG_WARN__DUPLICATE_METHOD_MATCH = YES;
				COPY_PHASE_STRIP = NO;
				DEBUG_INFORMATION_FORMAT = dwarf;
				ENABLE_STRICT_OBJC_MSGSEND = YES;
				ENABLE_TESTABILITY = YES;
				GCC_C_LANGUAGE_STANDARD = gnu11;
				GCC_DYNAMIC_NO_PIC = NO;
				GCC_NO_COMMON_BLOCKS = YES;
				GCC_OPTIMIZATION_LEVEL = 0;
				GCC_PREPROCESSOR_DEFINITIONS = (
					"DEBUG=1",
					"$(inherited)",
				);
				GCC_WARN_64_TO_32_BIT_CONVERSION = YES;
				GCC_WARN_ABOUT_RETURN_TYPE = YES_ERROR;
				GCC_WARN_UNDECLARED_SELECTOR = YES;
				GCC_WARN_UNINITIALIZED_AUTOS = YES_AGGRESSIVE;
				GCC_WARN_UNUSED_FUNCTION = YES;
				GCC_WARN_UNUSED_VARIABLE = YES;
				IPHONEOS_DEPLOYMENT_TARGET = 14.2;
				MTL_ENABLE_DEBUG_INFO = INCLUDE_SOURCE;
				MTL_FAST_MATH = YES;
				ONLY_ACTIVE_ARCH = YES;
				SDKROOT = iphoneos;
				SWIFT_ACTIVE_COMPILATION_CONDITIONS = DEBUG;
				SWIFT_OPTIMIZATION_LEVEL = "-Onone";
			};
			name = Debug;
		};
		5256F31E2664D7040027B1A8 /* Release */ = {
			isa = XCBuildConfiguration;
			buildSettings = {
				ALWAYS_SEARCH_USER_PATHS = NO;
				CLANG_ANALYZER_NONNULL = YES;
				CLANG_ANALYZER_NUMBER_OBJECT_CONVERSION = YES_AGGRESSIVE;
				CLANG_CXX_LANGUAGE_STANDARD = "gnu++14";
				CLANG_CXX_LIBRARY = "libc++";
				CLANG_ENABLE_MODULES = YES;
				CLANG_ENABLE_OBJC_ARC = YES;
				CLANG_ENABLE_OBJC_WEAK = YES;
				CLANG_WARN_BLOCK_CAPTURE_AUTORELEASING = YES;
				CLANG_WARN_BOOL_CONVERSION = YES;
				CLANG_WARN_COMMA = YES;
				CLANG_WARN_CONSTANT_CONVERSION = YES;
				CLANG_WARN_DEPRECATED_OBJC_IMPLEMENTATIONS = YES;
				CLANG_WARN_DIRECT_OBJC_ISA_USAGE = YES_ERROR;
				CLANG_WARN_DOCUMENTATION_COMMENTS = YES;
				CLANG_WARN_EMPTY_BODY = YES;
				CLANG_WARN_ENUM_CONVERSION = YES;
				CLANG_WARN_INFINITE_RECURSION = YES;
				CLANG_WARN_INT_CONVERSION = YES;
				CLANG_WARN_NON_LITERAL_NULL_CONVERSION = YES;
				CLANG_WARN_OBJC_IMPLICIT_RETAIN_SELF = YES;
				CLANG_WARN_OBJC_LITERAL_CONVERSION = YES;
				CLANG_WARN_OBJC_ROOT_CLASS = YES_ERROR;
				CLANG_WARN_QUOTED_INCLUDE_IN_FRAMEWORK_HEADER = YES;
				CLANG_WARN_RANGE_LOOP_ANALYSIS = YES;
				CLANG_WARN_STRICT_PROTOTYPES = YES;
				CLANG_WARN_SUSPICIOUS_MOVE = YES;
				CLANG_WARN_UNGUARDED_AVAILABILITY = YES_AGGRESSIVE;
				CLANG_WARN_UNREACHABLE_CODE = YES;
				CLANG_WARN__DUPLICATE_METHOD_MATCH = YES;
				COPY_PHASE_STRIP = NO;
				DEBUG_INFORMATION_FORMAT = "dwarf-with-dsym";
				ENABLE_NS_ASSERTIONS = NO;
				ENABLE_STRICT_OBJC_MSGSEND = YES;
				GCC_C_LANGUAGE_STANDARD = gnu11;
				GCC_NO_COMMON_BLOCKS = YES;
				GCC_WARN_64_TO_32_BIT_CONVERSION = YES;
				GCC_WARN_ABOUT_RETURN_TYPE = YES_ERROR;
				GCC_WARN_UNDECLARED_SELECTOR = YES;
				GCC_WARN_UNINITIALIZED_AUTOS = YES_AGGRESSIVE;
				GCC_WARN_UNUSED_FUNCTION = YES;
				GCC_WARN_UNUSED_VARIABLE = YES;
				IPHONEOS_DEPLOYMENT_TARGET = 14.2;
				MTL_ENABLE_DEBUG_INFO = NO;
				MTL_FAST_MATH = YES;
				SDKROOT = iphoneos;
				SWIFT_COMPILATION_MODE = wholemodule;
				SWIFT_OPTIMIZATION_LEVEL = "-O";
				VALIDATE_PRODUCT = YES;
			};
			name = Release;
		};
		5256F3202664D7040027B1A8 /* Debug */ = {
			isa = XCBuildConfiguration;
			buildSettings = {
				ASSETCATALOG_COMPILER_APPICON_NAME = AppIcon;
				ASSETCATALOG_COMPILER_GLOBAL_ACCENT_COLOR_NAME = AccentColor;
				CODE_SIGN_ENTITLEMENTS = WlanDevice/WlanDevice.entitlements;
				CODE_SIGN_IDENTITY = "Apple Development";
				CODE_SIGN_STYLE = Automatic;
				DEVELOPMENT_TEAM = X8W797UW5V;
				INFOPLIST_FILE = WlanDevice/Info.plist;
				IPHONEOS_DEPLOYMENT_TARGET = 12.2;
				LD_RUNPATH_SEARCH_PATHS = (
					"$(inherited)",
					"@executable_path/Frameworks",
				);
				PRODUCT_BUNDLE_IDENTIFIER = com.WlanDevice.datalogy;
				PRODUCT_NAME = "$(TARGET_NAME)";
				PROVISIONING_PROFILE_SPECIFIER = "";
				SWIFT_VERSION = 5.0;
				TARGETED_DEVICE_FAMILY = "1,2";
			};
			name = Debug;
		};
		5256F3212664D7040027B1A8 /* Release */ = {
			isa = XCBuildConfiguration;
			buildSettings = {
				ASSETCATALOG_COMPILER_APPICON_NAME = AppIcon;
				ASSETCATALOG_COMPILER_GLOBAL_ACCENT_COLOR_NAME = AccentColor;
				CODE_SIGN_ENTITLEMENTS = WlanDevice/WlanDevice.entitlements;
				CODE_SIGN_IDENTITY = "Apple Development";
				CODE_SIGN_STYLE = Automatic;
				DEVELOPMENT_TEAM = X8W797UW5V;
				INFOPLIST_FILE = WlanDevice/Info.plist;
				IPHONEOS_DEPLOYMENT_TARGET = 12.2;
				LD_RUNPATH_SEARCH_PATHS = (
					"$(inherited)",
					"@executable_path/Frameworks",
				);
				PRODUCT_BUNDLE_IDENTIFIER = com.WlanDevice.datalogy;
				PRODUCT_NAME = "$(TARGET_NAME)";
				PROVISIONING_PROFILE_SPECIFIER = "";
				SWIFT_VERSION = 5.0;
				TARGETED_DEVICE_FAMILY = "1,2";
			};
			name = Release;
		};
/* End XCBuildConfiguration section */

/* Begin XCConfigurationList section */
		5256F3062664D7030027B1A8 /* Build configuration list for PBXProject "WlanDevice" */ = {
			isa = XCConfigurationList;
			buildConfigurations = (
				5256F31D2664D7040027B1A8 /* Debug */,
				5256F31E2664D7040027B1A8 /* Release */,
			);
			defaultConfigurationIsVisible = 0;
			defaultConfigurationName = Release;
		};
		5256F31F2664D7040027B1A8 /* Build configuration list for PBXNativeTarget "WlanDevice" */ = {
			isa = XCConfigurationList;
			buildConfigurations = (
				5256F3202664D7040027B1A8 /* Debug */,
				5256F3212664D7040027B1A8 /* Release */,
			);
			defaultConfigurationIsVisible = 0;
			defaultConfigurationName = Release;
		};
/* End XCConfigurationList section */
	};
	rootObject = 5256F3032664D7030027B1A8 /* Project object */;
}
